version = 1
revision = 3
requires-python = ">=3.10"

[[package]]
name = "md-viewer"
version = "0.1.0"
source = { editable = "." }
dependencies = [
    { name = "mistune" },
]

[package.metadata]
requires-dist = [{ name = "mistune", specifier = ">=3.0" }]

[[package]]
name = "mistune"
version = "3.2.0"
source = { registry = "https://pypi.org/simple" }
dependencies = [
    { name = "typing-extensions", marker = "python_full_version < '3.11'" },
]
sdist = { url = "https://files.pythonhosted.org/packages/9d/55/d01f0c4b45ade6536c51170b9043db8b2ec6ddf4a35c7ea3f5f559ac935b/mistune-3.2.0.tar.gz", hash = "sha256:708487c8a8cdd99c9d90eb3ed4c3ed961246ff78ac82f03418f5183ab70e398a", size = 95467, upload-time = "2025-12-23T11:36:34.994Z" }
wheels = [
    { url = "https://files.pythonhosted.org/packages/9b/f7/4a5e785ec9fbd65146a27b6b70b6cdc161a66f2024e4b04ac06a67f5578b/mistune-3.2.0-py3-none-any.whl", hash = "sha256:febdc629a3c78616b94393c6580551e0e34cc289987ec6c35ed3f4be42d0eee1", size = 53598, upload-time = "2025-12-23T11:36:33.211Z" },
]

[[package]]
name = "typing-extensions"
version = "4.15.0"
source = { registry = "https://pypi.org/simple" }
sdist = { url = "https://files.pythonhosted.org/packages/72/94/1a15dd82efb362ac84269196e94cf00f187f7ed21c242792a923cdb1c61f/typing_extensions-4.15.0.tar.gz", hash = "sha256:0cea48d173cc12fa28ecabc3b837ea3cf6f38c6d1136f85cbaaf598984861466", size = 109391, upload-time = "2025-08-25T13:49:26.313Z" }
wheels = [
    { url = "https://files.pythonhosted.org/packages/18/67/36e9267722cc04a6b9f15c7f3441c2363321a3ea07da7ae0c0707beb2a9c/typing_extensions-4.15.0-py3-none-any.whl", hash = "sha256:f0fa19c6845758ab08074a0cfa8b7aecb71c999ca73d62883bc25cc018c4e548", size = 44614, upload-time = "2025-08-25T13:49:24.86Z" },
]
